
Microsoft Visual Studio Solution File, Format Version 12.00
# Visual Studio 2013
VisualStudioVersion = 12.0.40629.0
MinimumVisualStudioVersion = 10.0.40219.1
Project("{FAE04EC0-301F-11D3-BF4B-00C04F79EFBC}") = "FileServer", "FileServer\FileServer.csproj", "{058B214D-711C-419B-B5E0-63B454B09F86}"
EndProject
Project("{FAE04EC0-301F-11D3-BF4B-00C04F79EFBC}") = "FileServer.Util", "FileServer.Util\FileServer.Util.csproj", "{F144D65A-4554-403D-9867-40BC00152120}"
EndProject
Global
	GlobalSection(SolutionConfigurationPlatforms) = preSolution
		Debug|Any CPU = Debug|Any CPU
		Release|Any CPU = Release|Any CPU
	EndGlobalSection
	GlobalSection(ProjectConfigurationPlatforms) = postSolution
		{058B214D-711C-419B-B5E0-63B454B09F86}.Debug|Any CPU.ActiveCfg = Debug|Any CPU
		{058B214D-711C-419B-B5E0-63B454B09F86}.Debug|Any CPU.Build.0 = Debug|Any CPU
		{058B214D-711C-419B-B5E0-63B454B09F86}.Release|Any CPU.ActiveCfg = Release|Any CPU
		{058B214D-711C-419B-B5E0-63B454B09F86}.Release|Any CPU.Build.0 = Release|Any CPU
		{F144D65A-4554-403D-9867-40BC00152120}.Debug|Any CPU.ActiveCfg = Debug|Any CPU
		{F144D65A-4554-403D-9867-40BC00152120}.Debug|Any CPU.Build.0 = Debug|Any CPU
		{F144D65A-4554-403D-9867-40BC00152120}.Release|Any CPU.ActiveCfg = Release|Any CPU
		{F144D65A-4554-403D-9867-40BC00152120}.Release|Any CPU.Build.0 = Release|Any CPU
	EndGlobalSection
	GlobalSection(SolutionProperties) = preSolution
		HideSolutionNode = FALSE
	EndGlobalSection
EndGlobal
